
Microsoft Visual Studio Solution File, Format Version 12.00
# Visual Studio Version 16
VisualStudioVersion = 16.0.30804.86
MinimumVisualStudioVersion = 10.0.40219.1
Project("{F184B08F-C81C-45F6-A57F-5ABD9991F28F}") = "WednesdayStuff", "WednesdayStuff.vbproj", "{7CA8BFD9-698C-4AC7-81FE-681B2A8BFAC6}"
EndProject
Global
	GlobalSection(SolutionConfigurationPlatforms) = preSolution
		Debug|Any CPU = Debug|Any CPU
		Release|Any CPU = Release|Any CPU
	EndGlobalSection
	GlobalSection(ProjectConfigurationPlatforms) = postSolution
		{7CA8BFD9-698C-4AC7-81FE-681B2A8BFAC6}.Debug|Any CPU.ActiveCfg = Debug|Any CPU
		{7CA8BFD9-698C-4AC7-81FE-681B2A8BFAC6}.Debug|Any CPU.Build.0 = Debug|Any CPU
		{7CA8BFD9-698C-4AC7-81FE-681B2A8BFAC6}.Release|Any CPU.ActiveCfg = Release|Any CPU
		{7CA8BFD9-698C-4AC7-81FE-681B2A8BFAC6}.Release|Any CPU.Build.0 = Release|Any CPU
	EndGlobalSection
	GlobalSection(SolutionProperties) = preSolution
		HideSolutionNode = FALSE
	EndGlobalSection
	GlobalSection(ExtensibilityGlobals) = postSolution
		SolutionGuid = {0EB34221-A720-4BA2-AA59-6817C32B1AD2}
	EndGlobalSection
EndGlobal
